
Microsoft Visual Studio Solution File, Format Version 12.00
Project("{2150E333-8FDC-42A3-9474-1A3956D46DE8}") = "Src", "Src", "{D9743999-6731-47E4-A734-53B958AC9FF0}"
EndProject
Project("{FAE04EC0-301F-11D3-BF4B-00C04F79EFBC}") = "FourmBuilder.Api", "FourmBuilder.Api\FourmBuilder.Api.csproj", "{F9AF13FA-4D94-44C0-ADFB-02239839111E}"
EndProject
Project("{FAE04EC0-301F-11D3-BF4B-00C04F79EFBC}") = "FourmBuilder.Common", "FourmBuilder.Common\FourmBuilder.Common.csproj", "{D519C1C6-A75C-47B2-8B3C-077CACAF0F4A}"
EndProject
Global
	GlobalSection(SolutionConfigurationPlatforms) = preSolution
		Debug|Any CPU = Debug|Any CPU
		Release|Any CPU = Release|Any CPU
	EndGlobalSection
	GlobalSection(NestedProjects) = preSolution
		{F9AF13FA-4D94-44C0-ADFB-02239839111E} = {D9743999-6731-47E4-A734-53B958AC9FF0}
		{D519C1C6-A75C-47B2-8B3C-077CACAF0F4A} = {D9743999-6731-47E4-A734-53B958AC9FF0}
	EndGlobalSection
	GlobalSection(ProjectConfigurationPlatforms) = postSolution
		{F9AF13FA-4D94-44C0-ADFB-02239839111E}.Debug|Any CPU.ActiveCfg = Debug|Any CPU
		{F9AF13FA-4D94-44C0-ADFB-02239839111E}.Debug|Any CPU.Build.0 = Debug|Any CPU
		{F9AF13FA-4D94-44C0-ADFB-02239839111E}.Release|Any CPU.ActiveCfg = Release|Any CPU
		{F9AF13FA-4D94-44C0-ADFB-02239839111E}.Release|Any CPU.Build.0 = Release|Any CPU
		{D519C1C6-A75C-47B2-8B3C-077CACAF0F4A}.Debug|Any CPU.ActiveCfg = Debug|Any CPU
		{D519C1C6-A75C-47B2-8B3C-077CACAF0F4A}.Debug|Any CPU.Build.0 = Debug|Any CPU
		{D519C1C6-A75C-47B2-8B3C-077CACAF0F4A}.Release|Any CPU.ActiveCfg = Release|Any CPU
		{D519C1C6-A75C-47B2-8B3C-077CACAF0F4A}.Release|Any CPU.Build.0 = Release|Any CPU
	EndGlobalSection
EndGlobal
